
Microsoft Visual Studio Solution File, Format Version 12.00
# Visual Studio 15
VisualStudioVersion = 15.0.27130.2036
MinimumVisualStudioVersion = 10.0.40219.1
Project("{FAE04EC0-301F-11D3-BF4B-00C04F79EFBC}") = "Controllers", "ControleAcademia\Controllers.csproj", "{A04BC9CE-1F4F-4797-8152-1BA71E7DD1B3}"
EndProject
Project("{FAE04EC0-301F-11D3-BF4B-00C04F79EFBC}") = "Modelos", "Modelos\Modelos.csproj", "{2CC74032-6B9E-48CF-A68E-F90EAA169E60}"
EndProject
Project("{FAE04EC0-301F-11D3-BF4B-00C04F79EFBC}") = "WpfApp", "WpfApp\WpfApp.csproj", "{EE524DCE-35CE-425E-A8AB-4172258BE991}"
EndProject
Global
	GlobalSection(SolutionConfigurationPlatforms) = preSolution
		Debug|Any CPU = Debug|Any CPU
		Release|Any CPU = Release|Any CPU
	EndGlobalSection
	GlobalSection(ProjectConfigurationPlatforms) = postSolution
		{A04BC9CE-1F4F-4797-8152-1BA71E7DD1B3}.Debug|Any CPU.ActiveCfg = Debug|Any CPU
		{A04BC9CE-1F4F-4797-8152-1BA71E7DD1B3}.Debug|Any CPU.Build.0 = Debug|Any CPU
		{A04BC9CE-1F4F-4797-8152-1BA71E7DD1B3}.Release|Any CPU.ActiveCfg = Release|Any CPU
		{A04BC9CE-1F4F-4797-8152-1BA71E7DD1B3}.Release|Any CPU.Build.0 = Release|Any CPU
		{2CC74032-6B9E-48CF-A68E-F90EAA169E60}.Debug|Any CPU.ActiveCfg = Debug|Any CPU
		{2CC74032-6B9E-48CF-A68E-F90EAA169E60}.Debug|Any CPU.Build.0 = Debug|Any CPU
		{2CC74032-6B9E-48CF-A68E-F90EAA169E60}.Release|Any CPU.ActiveCfg = Release|Any CPU
		{2CC74032-6B9E-48CF-A68E-F90EAA169E60}.Release|Any CPU.Build.0 = Release|Any CPU
		{EE524DCE-35CE-425E-A8AB-4172258BE991}.Debug|Any CPU.ActiveCfg = Debug|Any CPU
		{EE524DCE-35CE-425E-A8AB-4172258BE991}.Debug|Any CPU.Build.0 = Debug|Any CPU
		{EE524DCE-35CE-425E-A8AB-4172258BE991}.Release|Any CPU.ActiveCfg = Release|Any CPU
		{EE524DCE-35CE-425E-A8AB-4172258BE991}.Release|Any CPU.Build.0 = Release|Any CPU
	EndGlobalSection
	GlobalSection(SolutionProperties) = preSolution
		HideSolutionNode = FALSE
	EndGlobalSection
	GlobalSection(ExtensibilityGlobals) = postSolution
		SolutionGuid = {8DCFF1A7-160F-469F-905F-F5B8B48515EC}
	EndGlobalSection
EndGlobal
